// !$*UTF8*$!
{
	archiveVersion = 1;
	classes = {
	};
	objectVersion = 56;
	objects = {

/* Begin PBXBuildFile section */
		A01C1C1F2B5E21CD000847FA /* installer-remade.sh in Resources */ = {isa = PBXBuildFile; fileRef = A01C1C1E2B5E21CD000847FA /* installer-remade.sh */; };
		A0FD2D282B5B527800AB0CC7 /* rbxfpsunlocker_osx_guiApp.swift in Sources */ = {isa = PBXBuildFile; fileRef = A0FD2D272B5B527800AB0CC7 /* rbxfpsunlocker_osx_guiApp.swift */; };
		A0FD2D2A2B5B527800AB0CC7 /* ContentView.swift in Sources */ = {isa = PBXBuildFile; fileRef = A0FD2D292B5B527800AB0CC7 /* ContentView.swift */; };
		A0FD2D2C2B5B527900AB0CC7 /* Assets.xcassets in Resources */ = {isa = PBXBuildFile; fileRef = A0FD2D2B2B5B527900AB0CC7 /* Assets.xcassets */; };
		A0FD2D2F2B5B527900AB0CC7 /* Preview Assets.xcassets in Resources */ = {isa = PBXBuildFile; fileRef = A0FD2D2E2B5B527900AB0CC7 /* Preview Assets.xcassets */; };
		A0FD2D3A2B5B527900AB0CC7 /* rbxfpsunlocker_osx_guiTests.swift in Sources */ = {isa = PBXBuildFile; fileRef = A0FD2D392B5B527900AB0CC7 /* rbxfpsunlocker_osx_guiTests.swift */; };
		A0FD2D442B5B527900AB0CC7 /* rbxfpsunlocker_osx_guiUITests.swift in Sources */ = {isa = PBXBuildFile; fileRef = A0FD2D432B5B527900AB0CC7 /* rbxfpsunlocker_osx_guiUITests.swift */; };
		A0FD2D462B5B527900AB0CC7 /* rbxfpsunlocker_osx_guiUITestsLaunchTests.swift in Sources */ = {isa = PBXBuildFile; fileRef = A0FD2D452B5B527900AB0CC7 /* rbxfpsunlocker_osx_guiUITestsLaunchTests.swift */; };
/* End PBXBuildFile section */

/* Begin PBXContainerItemProxy section */
		A0FD2D362B5B527900AB0CC7 /* PBXContainerItemProxy */ = {
			isa = PBXContainerItemProxy;
			containerPortal = A0FD2D1C2B5B527800AB0CC7 /* Project object */;
			proxyType = 1;
			remoteGlobalIDString = A0FD2D232B5B527800AB0CC7;
			remoteInfo = "rbxfpsunlocker-osx-gui";
		};
		A0FD2D402B5B527900AB0CC7 /* PBXContainerItemProxy */ = {
			isa = PBXContainerItemProxy;
			containerPortal = A0FD2D1C2B5B527800AB0CC7 /* Project object */;
			proxyType = 1;
			remoteGlobalIDString = A0FD2D232B5B527800AB0CC7;
			remoteInfo = "rbxfpsunlocker-osx-gui";
		};
/* End PBXContainerItemProxy section */

/* Begin PBXFileReference section */
		A01C1C1E2B5E21CD000847FA /* installer-remade.sh */ = {isa = PBXFileReference; fileEncoding = 4; lastKnownFileType = text.script.sh; name = "installer-remade.sh"; path = "../../installer-remade.sh"; sourceTree = "<group>"; };
		A0FD2D242B5B527800AB0CC7 /* rbxfpsunlocker-osx-gui.app */ = {isa = PBXFileReference; explicitFileType = wrapper.application; includeInIndex = 0; path = "rbxfpsunlocker-osx-gui.app"; sourceTree = BUILT_PRODUCTS_DIR; };
		A0FD2D272B5B527800AB0CC7 /* rbxfpsunlocker_osx_guiApp.swift */ = {isa = PBXFileReference; lastKnownFileType = sourcecode.swift; path = rbxfpsunlocker_osx_guiApp.swift; sourceTree = "<group>"; };
		A0FD2D292B5B527800AB0CC7 /* ContentView.swift */ = {isa = PBXFileReference; lastKnownFileType = sourcecode.swift; path = ContentView.swift; sourceTree = "<group>"; };
		A0FD2D2B2B5B527900AB0CC7 /* Assets.xcassets */ = {isa = PBXFileReference; lastKnownFileType = folder.assetcatalog; path = Assets.xcassets; sourceTree = "<group>"; };
		A0FD2D2E2B5B527900AB0CC7 /* Preview Assets.xcassets */ = {isa = PBXFileReference; lastKnownFileType = folder.assetcatalog; path = "Preview Assets.xcassets"; sourceTree = "<group>"; };
		A0FD2D302B5B527900AB0CC7 /* rbxfpsunlocker_osx_gui.entitlements */ = {isa = PBXFileReference; lastKnownFileType = text.plist.entitlements; path = rbxfpsunlocker_osx_gui.entitlements; sourceTree = "<group>"; };
		A0FD2D352B5B527900AB0CC7 /* rbxfpsunlocker-osx-guiTests.xctest */ = {isa = PBXFileReference; explicitFileType = wrapper.cfbundle; includeInIndex = 0; path = "rbxfpsunlocker-osx-guiTests.xctest"; sourceTree = BUILT_PRODUCTS_DIR; };
		A0FD2D392B5B527900AB0CC7 /* rbxfpsunlocker_osx_guiTests.swift */ = {isa = PBXFileReference; lastKnownFileType = sourcecode.swift; path = rbxfpsunlocker_osx_guiTests.swift; sourceTree = "<group>"; };
		A0FD2D3F2B5B527900AB0CC7 /* rbxfpsunlocker-osx-guiUITests.xctest */ = {isa = PBXFileReference; explicitFileType = wrapper.cfbundle; includeInIndex = 0; path = "rbxfpsunlocker-osx-guiUITests.xctest"; sourceTree = BUILT_PRODUCTS_DIR; };
		A0FD2D432B5B527900AB0CC7 /* rbxfpsunlocker_osx_guiUITests.swift */ = {isa = PBXFileReference; lastKnownFileType = sourcecode.swift; path = rbxfpsunlocker_osx_guiUITests.swift; sourceTree = "<group>"; };
		A0FD2D452B5B527900AB0CC7 /* rbxfpsunlocker_osx_guiUITestsLaunchTests.swift */ = {isa = PBXFileReference; lastKnownFileType = sourcecode.swift; path = rbxfpsunlocker_osx_guiUITestsLaunchTests.swift; sourceTree = "<group>"; };
/* End PBXFileReference section */

/* Begin PBXFrameworksBuildPhase section */
		A0FD2D212B5B527800AB0CC7 /* Frameworks */ = {
			isa = PBXFrameworksBuildPhase;
			buildActionMask = 2147483647;
			files = (
			);
			runOnlyForDeploymentPostprocessing = 0;
		};
		A0FD2D322B5B527900AB0CC7 /* Frameworks */ = {
			isa = PBXFrameworksBuildPhase;
			buildActionMask = 2147483647;
			files = (
			);
			runOnlyForDeploymentPostprocessing = 0;
		};
		A0FD2D3C2B5B527900AB0CC7 /* Frameworks */ = {
			isa = PBXFrameworksBuildPhase;
			buildActionMask = 2147483647;
			files = (
			);
			runOnlyForDeploymentPostprocessing = 0;
		};
/* End PBXFrameworksBuildPhase section */

/* Begin PBXGroup section */
		A0FD2D1B2B5B527800AB0CC7 = {
			isa = PBXGroup;
			children = (
				A0FD2D262B5B527800AB0CC7 /* rbxfpsunlocker-osx-gui */,
				A0FD2D382B5B527900AB0CC7 /* rbxfpsunlocker-osx-guiTests */,
				A0FD2D422B5B527900AB0CC7 /* rbxfpsunlocker-osx-guiUITests */,
				A0FD2D252B5B527800AB0CC7 /* Products */,
			);
			sourceTree = "<group>";
		};
		A0FD2D252B5B527800AB0CC7 /* Products */ = {
			isa = PBXGroup;
			children = (
				A0FD2D242B5B527800AB0CC7 /* rbxfpsunlocker-osx-gui.app */,
				A0FD2D352B5B527900AB0CC7 /* rbxfpsunlocker-osx-guiTests.xctest */,
				A0FD2D3F2B5B527900AB0CC7 /* rbxfpsunlocker-osx-guiUITests.xctest */,
			);
			name = Products;
			sourceTree = "<group>";
		};
		A0FD2D262B5B527800AB0CC7 /* rbxfpsunlocker-osx-gui */ = {
			isa = PBXGroup;
			children = (
				A01C1C1E2B5E21CD000847FA /* installer-remade.sh */,
				A0FD2D272B5B527800AB0CC7 /* rbxfpsunlocker_osx_guiApp.swift */,
				A0FD2D292B5B527800AB0CC7 /* ContentView.swift */,
				A0FD2D2B2B5B527900AB0CC7 /* Assets.xcassets */,
				A0FD2D302B5B527900AB0CC7 /* rbxfpsunlocker_osx_gui.entitlements */,
				A0FD2D2D2B5B527900AB0CC7 /* Preview Content */,
			);
			path = "rbxfpsunlocker-osx-gui";
			sourceTree = "<group>";
		};
		A0FD2D2D2B5B527900AB0CC7 /* Preview Content */ = {
			isa = PBXGroup;
			children = (
				A0FD2D2E2B5B527900AB0CC7 /* Preview Assets.xcassets */,
			);
			path = "Preview Content";
			sourceTree = "<group>";
		};
		A0FD2D382B5B527900AB0CC7 /* rbxfpsunlocker-osx-guiTests */ = {
			isa = PBXGroup;
			children = (
				A0FD2D392B5B527900AB0CC7 /* rbxfpsunlocker_osx_guiTests.swift */,
			);
			path = "rbxfpsunlocker-osx-guiTests";
			sourceTree = "<group>";
		};
		A0FD2D422B5B527900AB0CC7 /* rbxfpsunlocker-osx-guiUITests */ = {
			isa = PBXGroup;
			children = (
				A0FD2D432B5B527900AB0CC7 /* rbxfpsunlocker_osx_guiUITests.swift */,
				A0FD2D452B5B527900AB0CC7 /* rbxfpsunlocker_osx_guiUITestsLaunchTests.swift */,
			);
			path = "rbxfpsunlocker-osx-guiUITests";
			sourceTree = "<group>";
		};
/* End PBXGroup section */

/* Begin PBXNativeTarget section */
		A0FD2D232B5B527800AB0CC7 /* rbxfpsunlocker-osx-gui */ = {
			isa = PBXNativeTarget;
			buildConfigurationList = A0FD2D492B5B527900AB0CC7 /* Build configuration list for PBXNativeTarget "rbxfpsunlocker-osx-gui" */;
			buildPhases = (
				A0FD2D202B5B527800AB0CC7 /* Sources */,
				A0FD2D212B5B527800AB0CC7 /* Frameworks */,
				A0FD2D222B5B527800AB0CC7 /* Resources */,
			);
			buildRules = (
			);
			dependencies = (
			);
			name = "rbxfpsunlocker-osx-gui";
			productName = "rbxfpsunlocker-osx-gui";
			productReference = A0FD2D242B5B527800AB0CC7 /* rbxfpsunlocker-osx-gui.app */;
			productType = "com.apple.product-type.application";
		};
		A0FD2D342B5B527900AB0CC7 /* rbxfpsunlocker-osx-guiTests */ = {
			isa = PBXNativeTarget;
			buildConfigurationList = A0FD2D4C2B5B527900AB0CC7 /* Build configuration list for PBXNativeTarget "rbxfpsunlocker-osx-guiTests" */;
			buildPhases = (
				A0FD2D312B5B527900AB0CC7 /* Sources */,
				A0FD2D322B5B527900AB0CC7 /* Frameworks */,
				A0FD2D332B5B527900AB0CC7 /* Resources */,
			);
			buildRules = (
			);
			dependencies = (
				A0FD2D372B5B527900AB0CC7 /* PBXTargetDependency */,
			);
			name = "rbxfpsunlocker-osx-guiTests";
			productName = "rbxfpsunlocker-osx-guiTests";
			productReference = A0FD2D352B5B527900AB0CC7 /* rbxfpsunlocker-osx-guiTests.xctest */;
			productType = "com.apple.product-type.bundle.unit-test";
		};
		A0FD2D3E2B5B527900AB0CC7 /* rbxfpsunlocker-osx-guiUITests */ = {
			isa = PBXNativeTarget;
			buildConfigurationList = A0FD2D4F2B5B527900AB0CC7 /* Build configuration list for PBXNativeTarget "rbxfpsunlocker-osx-guiUITests" */;
			buildPhases = (
				A0FD2D3B2B5B527900AB0CC7 /* Sources */,
				A0FD2D3C2B5B527900AB0CC7 /* Frameworks */,
				A0FD2D3D2B5B527900AB0CC7 /* Resources */,
			);
			buildRules = (
			);
			dependencies = (
				A0FD2D412B5B527900AB0CC7 /* PBXTargetDependency */,
			);
			name = "rbxfpsunlocker-osx-guiUITests";
			productName = "rbxfpsunlocker-osx-guiUITests";
			productReference = A0FD2D3F2B5B527900AB0CC7 /* rbxfpsunlocker-osx-guiUITests.xctest */;
			productType = "com.apple.product-type.bundle.ui-testing";
		};
/* End PBXNativeTarget section */

/* Begin PBXProject section */
		A0FD2D1C2B5B527800AB0CC7 /* Project object */ = {
			isa = PBXProject;
			attributes = {
				BuildIndependentTargetsInParallel = 1;
				LastSwiftUpdateCheck = 1520;
				LastUpgradeCheck = 1520;
				TargetAttributes = {
					A0FD2D232B5B527800AB0CC7 = {
						CreatedOnToolsVersion = 15.2;
					};
					A0FD2D342B5B527900AB0CC7 = {
						CreatedOnToolsVersion = 15.2;
						TestTargetID = A0FD2D232B5B527800AB0CC7;
					};
					A0FD2D3E2B5B527900AB0CC7 = {
						CreatedOnToolsVersion = 15.2;
						TestTargetID = A0FD2D232B5B527800AB0CC7;
					};
				};
			};
			buildConfigurationList = A0FD2D1F2B5B527800AB0CC7 /* Build configuration list for PBXProject "rbxfpsunlocker-osx-gui" */;
			compatibilityVersion = "Xcode 14.0";
			developmentRegion = en;
			hasScannedForEncodings = 0;
			knownRegions = (
				en,
				Base,
			);
			mainGroup = A0FD2D1B2B5B527800AB0CC7;
			productRefGroup = A0FD2D252B5B527800AB0CC7 /* Products */;
			projectDirPath = "";
			projectRoot = "";
			targets = (
				A0FD2D232B5B527800AB0CC7 /* rbxfpsunlocker-osx-gui */,
				A0FD2D342B5B527900AB0CC7 /* rbxfpsunlocker-osx-guiTests */,
				A0FD2D3E2B5B527900AB0CC7 /* rbxfpsunlocker-osx-guiUITests */,
			);
		};
/* End PBXProject section */

/* Begin PBXResourcesBuildPhase section */
		A0FD2D222B5B527800AB0CC7 /* Resources */ = {
			isa = PBXResourcesBuildPhase;
			buildActionMask = 2147483647;
			files = (
				A01C1C1F2B5E21CD000847FA /* installer-remade.sh in Resources */,
				A0FD2D2F2B5B527900AB0CC7 /* Preview Assets.xcassets in Resources */,
				A0FD2D2C2B5B527900AB0CC7 /* Assets.xcassets in Resources */,
			);
			runOnlyForDeploymentPostprocessing = 0;
		};
		A0FD2D332B5B527900AB0CC7 /* Resources */ = {
			isa = PBXResourcesBuildPhase;
			buildActionMask = 2147483647;
			files = (
			);
			runOnlyForDeploymentPostprocessing = 0;
		};
		A0FD2D3D2B5B527900AB0CC7 /* Resources */ = {
			isa = PBXResourcesBuildPhase;
			buildActionMask = 2147483647;
			files = (
			);
			runOnlyForDeploymentPostprocessing = 0;
		};
/* End PBXResourcesBuildPhase section */

/* Begin PBXSourcesBuildPhase section */
		A0FD2D202B5B527800AB0CC7 /* Sources */ = {
			isa = PBXSourcesBuildPhase;
			buildActionMask = 2147483647;
			files = (
				A0FD2D2A2B5B527800AB0CC7 /* ContentView.swift in Sources */,
				A0FD2D282B5B527800AB0CC7 /* rbxfpsunlocker_osx_guiApp.swift in Sources */,
			);
			runOnlyForDeploymentPostprocessing = 0;
		};
		A0FD2D312B5B527900AB0CC7 /* Sources */ = {
			isa = PBXSourcesBuildPhase;
			buildActionMask = 2147483647;
			files = (
				A0FD2D3A2B5B527900AB0CC7 /* rbxfpsunlocker_osx_guiTests.swift in Sources */,
			);
			runOnlyForDeploymentPostprocessing = 0;
		};
		A0FD2D3B2B5B527900AB0CC7 /* Sources */ = {
			isa = PBXSourcesBuildPhase;
			buildActionMask = 2147483647;
			files = (
				A0FD2D442B5B527900AB0CC7 /* rbxfpsunlocker_osx_guiUITests.swift in Sources */,
				A0FD2D462B5B527900AB0CC7 /* rbxfpsunlocker_osx_guiUITestsLaunchTests.swift in Sources */,
			);
			runOnlyForDeploymentPostprocessing = 0;
		};
/* End PBXSourcesBuildPhase section */

/* Begin PBXTargetDependency section */
		A0FD2D372B5B527900AB0CC7 /* PBXTargetDependency */ = {
			isa = PBXTargetDependency;
			target = A0FD2D232B5B527800AB0CC7 /* rbxfpsunlocker-osx-gui */;
			targetProxy = A0FD2D362B5B527900AB0CC7 /* PBXContainerItemProxy */;
		};
		A0FD2D412B5B527900AB0CC7 /* PBXTargetDependency */ = {
			isa = PBXTargetDependency;
			target = A0FD2D232B5B527800AB0CC7 /* rbxfpsunlocker-osx-gui */;
			targetProxy = A0FD2D402B5B527900AB0CC7 /* PBXContainerItemProxy */;
		};
/* End PBXTargetDependency section */

/* Begin XCBuildConfiguration section */
		A0FD2D472B5B527900AB0CC7 /* Debug */ = {
			isa = XCBuildConfiguration;
			buildSettings = {
				ALWAYS_SEARCH_USER_PATHS = NO;
				ASSETCATALOG_COMPILER_GENERATE_SWIFT_ASSET_SYMBOL_EXTENSIONS = YES;
				CLANG_ANALYZER_NONNULL = YES;
				CLANG_ANALYZER_NUMBER_OBJECT_CONVERSION = YES_AGGRESSIVE;
				CLANG_CXX_LANGUAGE_STANDARD = "gnu++20";
				CLANG_ENABLE_MODULES = YES;
				CLANG_ENABLE_OBJC_ARC = YES;
				CLANG_ENABLE_OBJC_WEAK = YES;
				CLANG_WARN_BLOCK_CAPTURE_AUTORELEASING = YES;
				CLANG_WARN_BOOL_CONVERSION = YES;
				CLANG_WARN_COMMA = YES;
				CLANG_WARN_CONSTANT_CONVERSION = YES;
				CLANG_WARN_DEPRECATED_OBJC_IMPLEMENTATIONS = YES;
				CLANG_WARN_DIRECT_OBJC_ISA_USAGE = YES_ERROR;
				CLANG_WARN_DOCUMENTATION_COMMENTS = YES;
				CLANG_WARN_EMPTY_BODY = YES;
				CLANG_WARN_ENUM_CONVERSION = YES;
				CLANG_WARN_INFINITE_RECURSION = YES;
				CLANG_WARN_INT_CONVERSION = YES;
				CLANG_WARN_NON_LITERAL_NULL_CONVERSION = YES;
				CLANG_WARN_OBJC_IMPLICIT_RETAIN_SELF = YES;
				CLANG_WARN_OBJC_LITERAL_CONVERSION = YES;
				CLANG_WARN_OBJC_ROOT_CLASS = YES_ERROR;
				CLANG_WARN_QUOTED_INCLUDE_IN_FRAMEWORK_HEADER = YES;
				CLANG_WARN_RANGE_LOOP_ANALYSIS = YES;
				CLANG_WARN_STRICT_PROTOTYPES = YES;
				CLANG_WARN_SUSPICIOUS_MOVE = YES;
				CLANG_WARN_UNGUARDED_AVAILABILITY = YES_AGGRESSIVE;
				CLANG_WARN_UNREACHABLE_CODE = YES;
				CLANG_WARN__DUPLICATE_METHOD_MATCH = YES;
				COPY_PHASE_STRIP = NO;
				DEBUG_INFORMATION_FORMAT = dwarf;
				ENABLE_STRICT_OBJC_MSGSEND = YES;
				ENABLE_TESTABILITY = YES;
				ENABLE_USER_SCRIPT_SANDBOXING = YES;
				GCC_C_LANGUAGE_STANDARD = gnu17;
				GCC_DYNAMIC_NO_PIC = NO;
				GCC_NO_COMMON_BLOCKS = YES;
				GCC_OPTIMIZATION_LEVEL = 0;
				GCC_PREPROCESSOR_DEFINITIONS = (
					"DEBUG=1",
					"$(inherited)",
				);
				GCC_WARN_64_TO_32_BIT_CONVERSION = YES;
				GCC_WARN_ABOUT_RETURN_TYPE = YES_ERROR;
				GCC_WARN_UNDECLARED_SELECTOR = YES;
				GCC_WARN_UNINITIALIZED_AUTOS = YES_AGGRESSIVE;
				GCC_WARN_UNUSED_FUNCTION = YES;
				GCC_WARN_UNUSED_VARIABLE = YES;
				LOCALIZATION_PREFERS_STRING_CATALOGS = YES;
				MACOSX_DEPLOYMENT_TARGET = 14.2;
				MTL_ENABLE_DEBUG_INFO = INCLUDE_SOURCE;
				MTL_FAST_MATH = YES;
				ONLY_ACTIVE_ARCH = YES;
				SDKROOT = macosx;
				SWIFT_ACTIVE_COMPILATION_CONDITIONS = "DEBUG $(inherited)";
				SWIFT_OPTIMIZATION_LEVEL = "-Onone";
			};
			name = Debug;
		};
		A0FD2D482B5B527900AB0CC7 /* Release */ = {
			isa = XCBuildConfiguration;
			buildSettings = {
				ALWAYS_SEARCH_USER_PATHS = NO;
				ASSETCATALOG_COMPILER_GENERATE_SWIFT_ASSET_SYMBOL_EXTENSIONS = YES;
				CLANG_ANALYZER_NONNULL = YES;
				CLANG_ANALYZER_NUMBER_OBJECT_CONVERSION = YES_AGGRESSIVE;
				CLANG_CXX_LANGUAGE_STANDARD = "gnu++20";
				CLANG_ENABLE_MODULES = YES;
				CLANG_ENABLE_OBJC_ARC = YES;
				CLANG_ENABLE_OBJC_WEAK = YES;
				CLANG_WARN_BLOCK_CAPTURE_AUTORELEASING = YES;
				CLANG_WARN_BOOL_CONVERSION = YES;
				CLANG_WARN_COMMA = YES;
				CLANG_WARN_CONSTANT_CONVERSION = YES;
				CLANG_WARN_DEPRECATED_OBJC_IMPLEMENTATIONS = YES;
				CLANG_WARN_DIRECT_OBJC_ISA_USAGE = YES_ERROR;
				CLANG_WARN_DOCUMENTATION_COMMENTS = YES;
				CLANG_WARN_EMPTY_BODY = YES;
				CLANG_WARN_ENUM_CONVERSION = YES;
				CLANG_WARN_INFINITE_RECURSION = YES;
				CLANG_WARN_INT_CONVERSION = YES;
				CLANG_WARN_NON_LITERAL_NULL_CONVERSION = YES;
				CLANG_WARN_OBJC_IMPLICIT_RETAIN_SELF = YES;
				CLANG_WARN_OBJC_LITERAL_CONVERSION = YES;
				CLANG_WARN_OBJC_ROOT_CLASS = YES_ERROR;
				CLANG_WARN_QUOTED_INCLUDE_IN_FRAMEWORK_HEADER = YES;
				CLANG_WARN_RANGE_LOOP_ANALYSIS = YES;
				CLANG_WARN_STRICT_PROTOTYPES = YES;
				CLANG_WARN_SUSPICIOUS_MOVE = YES;
				CLANG_WARN_UNGUARDED_AVAILABILITY = YES_AGGRESSIVE;
				CLANG_WARN_UNREACHABLE_CODE = YES;
				CLANG_WARN__DUPLICATE_METHOD_MATCH = YES;
				COPY_PHASE_STRIP = NO;
				DEBUG_INFORMATION_FORMAT = "dwarf-with-dsym";
				ENABLE_NS_ASSERTIONS = NO;
				ENABLE_STRICT_OBJC_MSGSEND = YES;
				ENABLE_USER_SCRIPT_SANDBOXING = YES;
				GCC_C_LANGUAGE_STANDARD = gnu17;
				GCC_NO_COMMON_BLOCKS = YES;
				GCC_WARN_64_TO_32_BIT_CONVERSION = YES;
				GCC_WARN_ABOUT_RETURN_TYPE = YES_ERROR;
				GCC_WARN_UNDECLARED_SELECTOR = YES;
				GCC_WARN_UNINITIALIZED_AUTOS = YES_AGGRESSIVE;
				GCC_WARN_UNUSED_FUNCTION = YES;
				GCC_WARN_UNUSED_VARIABLE = YES;
				LOCALIZATION_PREFERS_STRING_CATALOGS = YES;
				MACOSX_DEPLOYMENT_TARGET = 14.2;
				MTL_ENABLE_DEBUG_INFO = NO;
				MTL_FAST_MATH = YES;
				SDKROOT = macosx;
				SWIFT_COMPILATION_MODE = wholemodule;
			};
			name = Release;
		};
		A0FD2D4A2B5B527900AB0CC7 /* Debug */ = {
			isa = XCBuildConfiguration;
			buildSettings = {
				ASSETCATALOG_COMPILER_APPICON_NAME = AppIcon;
				ASSETCATALOG_COMPILER_GLOBAL_ACCENT_COLOR_NAME = AccentColor;
				CODE_SIGN_ENTITLEMENTS = "rbxfpsunlocker-osx-gui/rbxfpsunlocker_osx_gui.entitlements";
				"CODE_SIGN_IDENTITY[sdk=macosx*]" = "Apple Development";
				CODE_SIGN_STYLE = Automatic;
				COMBINE_HIDPI_IMAGES = YES;
				CURRENT_PROJECT_VERSION = 1;
				DEVELOPMENT_ASSET_PATHS = "\"rbxfpsunlocker-osx-gui/Preview Content\"";
				DEVELOPMENT_TEAM = 74FUJ2DFQU;
				ENABLE_HARDENED_RUNTIME = YES;
				ENABLE_PREVIEWS = YES;
				GENERATE_INFOPLIST_FILE = YES;
				INFOPLIST_KEY_NSHumanReadableCopyright = "";
				LD_RUNPATH_SEARCH_PATHS = (
					"$(inherited)",
					"@executable_path/../Frameworks",
				);
				MACOSX_DEPLOYMENT_TARGET = 11.0;
				MARKETING_VERSION = 1.0;
				PRODUCT_BUNDLE_IDENTIFIER = "com.lincolnwm.rbxfpsunlocker-osx-gui";
				PRODUCT_NAME = "$(TARGET_NAME)";
				SWIFT_EMIT_LOC_STRINGS = YES;
				SWIFT_VERSION = 5.0;
			};
			name = Debug;
		};
		A0FD2D4B2B5B527900AB0CC7 /* Release */ = {
			isa = XCBuildConfiguration;
			buildSettings = {
				ASSETCATALOG_COMPILER_APPICON_NAME = AppIcon;
				ASSETCATALOG_COMPILER_GLOBAL_ACCENT_COLOR_NAME = AccentColor;
				CODE_SIGN_ENTITLEMENTS = "rbxfpsunlocker-osx-gui/rbxfpsunlocker_osx_gui.entitlements";
				CODE_SIGN_IDENTITY = "Apple Development";
				CODE_SIGN_STYLE = Automatic;
				COMBINE_HIDPI_IMAGES = YES;
				CURRENT_PROJECT_VERSION = 1;
				DEVELOPMENT_ASSET_PATHS = "\"rbxfpsunlocker-osx-gui/Preview Content\"";
				DEVELOPMENT_TEAM = 74FUJ2DFQU;
				ENABLE_HARDENED_RUNTIME = YES;
				ENABLE_PREVIEWS = YES;
				GENERATE_INFOPLIST_FILE = YES;
				INFOPLIST_KEY_NSHumanReadableCopyright = "";
				LD_RUNPATH_SEARCH_PATHS = (
					"$(inherited)",
					"@executable_path/../Frameworks",
				);
				MACOSX_DEPLOYMENT_TARGET = 11.0;
				MARKETING_VERSION = 1.0;
				PRODUCT_BUNDLE_IDENTIFIER = "com.lincolnwm.rbxfpsunlocker-osx-gui";
				PRODUCT_NAME = "$(TARGET_NAME)";
				PROVISIONING_PROFILE_SPECIFIER = "";
				SWIFT_EMIT_LOC_STRINGS = YES;
				SWIFT_VERSION = 5.0;
			};
			name = Release;
		};
		A0FD2D4D2B5B527900AB0CC7 /* Debug */ = {
			isa = XCBuildConfiguration;
			buildSettings = {
				ALWAYS_EMBED_SWIFT_STANDARD_LIBRARIES = YES;
				BUNDLE_LOADER = "$(TEST_HOST)";
				CODE_SIGN_STYLE = Automatic;
				CURRENT_PROJECT_VERSION = 1;
				DEVELOPMENT_TEAM = 74FUJ2DFQU;
				GENERATE_INFOPLIST_FILE = YES;
				MACOSX_DEPLOYMENT_TARGET = 14.2;
				MARKETING_VERSION = 1.0;
				PRODUCT_BUNDLE_IDENTIFIER = "com.Link2Linc.rbxfpsunlocker-osx-guiTests";
				PRODUCT_NAME = "$(TARGET_NAME)";
				SWIFT_EMIT_LOC_STRINGS = NO;
				SWIFT_VERSION = 5.0;
				TEST_HOST = "$(BUILT_PRODUCTS_DIR)/rbxfpsunlocker-osx-gui.app/$(BUNDLE_EXECUTABLE_FOLDER_PATH)/rbxfpsunlocker-osx-gui";
			};
			name = Debug;
		};
		A0FD2D4E2B5B527900AB0CC7 /* Release */ = {
			isa = XCBuildConfiguration;
			buildSettings = {
				ALWAYS_EMBED_SWIFT_STANDARD_LIBRARIES = YES;
				BUNDLE_LOADER = "$(TEST_HOST)";
				CODE_SIGN_STYLE = Automatic;
				CURRENT_PROJECT_VERSION = 1;
				DEVELOPMENT_TEAM = 74FUJ2DFQU;
				GENERATE_INFOPLIST_FILE = YES;
				MACOSX_DEPLOYMENT_TARGET = 14.2;
				MARKETING_VERSION = 1.0;
				PRODUCT_BUNDLE_IDENTIFIER = "com.Link2Linc.rbxfpsunlocker-osx-guiTests";
				PRODUCT_NAME = "$(TARGET_NAME)";
				SWIFT_EMIT_LOC_STRINGS = NO;
				SWIFT_VERSION = 5.0;
				TEST_HOST = "$(BUILT_PRODUCTS_DIR)/rbxfpsunlocker-osx-gui.app/$(BUNDLE_EXECUTABLE_FOLDER_PATH)/rbxfpsunlocker-osx-gui";
			};
			name = Release;
		};
		A0FD2D502B5B527900AB0CC7 /* Debug */ = {
			isa = XCBuildConfiguration;
			buildSettings = {
				ALWAYS_EMBED_SWIFT_STANDARD_LIBRARIES = YES;
				CODE_SIGN_STYLE = Automatic;
				CURRENT_PROJECT_VERSION = 1;
				DEVELOPMENT_TEAM = 74FUJ2DFQU;
				GENERATE_INFOPLIST_FILE = YES;
				MARKETING_VERSION = 1.0;
				PRODUCT_BUNDLE_IDENTIFIER = "com.Link2Linc.rbxfpsunlocker-osx-guiUITests";
				PRODUCT_NAME = "$(TARGET_NAME)";
				SWIFT_EMIT_LOC_STRINGS = NO;
				SWIFT_VERSION = 5.0;
				TEST_TARGET_NAME = "rbxfpsunlocker-osx-gui";
			};
			name = Debug;
		};
		A0FD2D512B5B527900AB0CC7 /* Release */ = {
			isa = XCBuildConfiguration;
			buildSettings = {
				ALWAYS_EMBED_SWIFT_STANDARD_LIBRARIES = YES;
				CODE_SIGN_STYLE = Automatic;
				CURRENT_PROJECT_VERSION = 1;
				DEVELOPMENT_TEAM = 74FUJ2DFQU;
				GENERATE_INFOPLIST_FILE = YES;
				MARKETING_VERSION = 1.0;
				PRODUCT_BUNDLE_IDENTIFIER = "com.Link2Linc.rbxfpsunlocker-osx-guiUITests";
				PRODUCT_NAME = "$(TARGET_NAME)";
				SWIFT_EMIT_LOC_STRINGS = NO;
				SWIFT_VERSION = 5.0;
				TEST_TARGET_NAME = "rbxfpsunlocker-osx-gui";
			};
			name = Release;
		};
/* End XCBuildConfiguration section */

/* Begin XCConfigurationList section */
		A0FD2D1F2B5B527800AB0CC7 /* Build configuration list for PBXProject "rbxfpsunlocker-osx-gui" */ = {
			isa = XCConfigurationList;
			buildConfigurations = (
				A0FD2D472B5B527900AB0CC7 /* Debug */,
				A0FD2D482B5B527900AB0CC7 /* Release */,
			);
			defaultConfigurationIsVisible = 0;
			defaultConfigurationName = Release;
		};
		A0FD2D492B5B527900AB0CC7 /* Build configuration list for PBXNativeTarget "rbxfpsunlocker-osx-gui" */ = {
			isa = XCConfigurationList;
			buildConfigurations = (
				A0FD2D4A2B5B527900AB0CC7 /* Debug */,
				A0FD2D4B2B5B527900AB0CC7 /* Release */,
			);
			defaultConfigurationIsVisible = 0;
			defaultConfigurationName = Release;
		};
		A0FD2D4C2B5B527900AB0CC7 /* Build configuration list for PBXNativeTarget "rbxfpsunlocker-osx-guiTests" */ = {
			isa = XCConfigurationList;
			buildConfigurations = (
				A0FD2D4D2B5B527900AB0CC7 /* Debug */,
				A0FD2D4E2B5B527900AB0CC7 /* Release */,
			);
			defaultConfigurationIsVisible = 0;
			defaultConfigurationName = Release;
		};
		A0FD2D4F2B5B527900AB0CC7 /* Build configuration list for PBXNativeTarget "rbxfpsunlocker-osx-guiUITests" */ = {
			isa = XCConfigurationList;
			buildConfigurations = (
				A0FD2D502B5B527900AB0CC7 /* Debug */,
				A0FD2D512B5B527900AB0CC7 /* Release */,
			);
			defaultConfigurationIsVisible = 0;
			defaultConfigurationName = Release;
		};
/* End XCConfigurationList section */
	};
	rootObject = A0FD2D1C2B5B527800AB0CC7 /* Project object */;
}
